
Microsoft Visual Studio Solution File, Format Version 12.00
# Visual Studio 15
VisualStudioVersion = 15.0.27703.2026
MinimumVisualStudioVersion = 10.0.40219.1
Project("{FAE04EC0-301F-11D3-BF4B-00C04F79EFBC}") = "PontosColeta.WebApp", "PontosColeta.WebApp\PontosColeta.WebApp.csproj", "{A2138FD9-8D1E-436B-9FDC-66541DEA90A7}"
EndProject
Global
	GlobalSection(SolutionConfigurationPlatforms) = preSolution
		Debug|Any CPU = Debug|Any CPU
		Release|Any CPU = Release|Any CPU
	EndGlobalSection
	GlobalSection(ProjectConfigurationPlatforms) = postSolution
		{A2138FD9-8D1E-436B-9FDC-66541DEA90A7}.Debug|Any CPU.ActiveCfg = Debug|Any CPU
		{A2138FD9-8D1E-436B-9FDC-66541DEA90A7}.Debug|Any CPU.Build.0 = Debug|Any CPU
		{A2138FD9-8D1E-436B-9FDC-66541DEA90A7}.Release|Any CPU.ActiveCfg = Release|Any CPU
		{A2138FD9-8D1E-436B-9FDC-66541DEA90A7}.Release|Any CPU.Build.0 = Release|Any CPU
	EndGlobalSection
	GlobalSection(SolutionProperties) = preSolution
		HideSolutionNode = FALSE
	EndGlobalSection
	GlobalSection(ExtensibilityGlobals) = postSolution
		SolutionGuid = {F65D93C3-E73A-4C04-ABFD-E7A2BAF7D047}
	EndGlobalSection
EndGlobal
