
Microsoft Visual Studio Solution File, Format Version 12.00
# Visual Studio 15
VisualStudioVersion = 15.0.27703.2026
MinimumVisualStudioVersion = 10.0.40219.1
Project("{FAE04EC0-301F-11D3-BF4B-00C04F79EFBC}") = "PontosColeta.WebApp", "PontosColeta.WebApp\PontosColeta.WebApp.csproj", "{A2138FD9-8D1E-436B-9FDC-66541DEA90A7}"
EndProject
Project("{FAE04EC0-301F-11D3-BF4B-00C04F79EFBC}") = "PontosColeta.UserApp.Android", "PontosColeta.UserApp\PontosColeta.UserApp.Android\PontosColeta.UserApp.Android.csproj", "{4BEF77D4-7B0D-4F57-80E6-08DBC59A0582}"
EndProject
Project("{FAE04EC0-301F-11D3-BF4B-00C04F79EFBC}") = "PontosColeta.UserApp.iOS", "PontosColeta.UserApp\PontosColeta.UserApp.iOS\PontosColeta.UserApp.iOS.csproj", "{89D26364-9697-473C-98AD-619C2EC49D44}"
EndProject
Project("{FAE04EC0-301F-11D3-BF4B-00C04F79EFBC}") = "PontosColeta.UserApp.UWP", "PontosColeta.UserApp\PontosColeta.UserApp.UWP\PontosColeta.UserApp.UWP.csproj", "{3458AD02-4832-47ED-8E32-E010A5517247}"
EndProject
Project("{FAE04EC0-301F-11D3-BF4B-00C04F79EFBC}") = "PontosColeta.UserApp", "PontosColeta.UserApp\PontosColeta.UserApp\PontosColeta.UserApp.csproj", "{C7CE5B8E-0F1A-414A-A000-62AD60E93FB4}"
EndProject
Global
	GlobalSection(SolutionConfigurationPlatforms) = preSolution
		Ad-Hoc|Any CPU = Ad-Hoc|Any CPU
		Ad-Hoc|ARM = Ad-Hoc|ARM
		Ad-Hoc|iPhone = Ad-Hoc|iPhone
		Ad-Hoc|iPhoneSimulator = Ad-Hoc|iPhoneSimulator
		Ad-Hoc|x64 = Ad-Hoc|x64
		Ad-Hoc|x86 = Ad-Hoc|x86
		AppStore|Any CPU = AppStore|Any CPU
		AppStore|ARM = AppStore|ARM
		AppStore|iPhone = AppStore|iPhone
		AppStore|iPhoneSimulator = AppStore|iPhoneSimulator
		AppStore|x64 = AppStore|x64
		AppStore|x86 = AppStore|x86
		Debug|Any CPU = Debug|Any CPU
		Debug|ARM = Debug|ARM
		Debug|iPhone = Debug|iPhone
		Debug|iPhoneSimulator = Debug|iPhoneSimulator
		Debug|x64 = Debug|x64
		Debug|x86 = Debug|x86
		Release|Any CPU = Release|Any CPU
		Release|ARM = Release|ARM
		Release|iPhone = Release|iPhone
		Release|iPhoneSimulator = Release|iPhoneSimulator
		Release|x64 = Release|x64
		Release|x86 = Release|x86
	EndGlobalSection
	GlobalSection(ProjectConfigurationPlatforms) = postSolution
		{A2138FD9-8D1E-436B-9FDC-66541DEA90A7}.Ad-Hoc|Any CPU.ActiveCfg = Release|Any CPU
		{A2138FD9-8D1E-436B-9FDC-66541DEA90A7}.Ad-Hoc|Any CPU.Build.0 = Release|Any CPU
		{A2138FD9-8D1E-436B-9FDC-66541DEA90A7}.Ad-Hoc|ARM.ActiveCfg = Release|Any CPU
		{A2138FD9-8D1E-436B-9FDC-66541DEA90A7}.Ad-Hoc|ARM.Build.0 = Release|Any CPU
		{A2138FD9-8D1E-436B-9FDC-66541DEA90A7}.Ad-Hoc|iPhone.ActiveCfg = Release|Any CPU
		{A2138FD9-8D1E-436B-9FDC-66541DEA90A7}.Ad-Hoc|iPhone.Build.0 = Release|Any CPU
		{A2138FD9-8D1E-436B-9FDC-66541DEA90A7}.Ad-Hoc|iPhoneSimulator.ActiveCfg = Release|Any CPU
		{A2138FD9-8D1E-436B-9FDC-66541DEA90A7}.Ad-Hoc|iPhoneSimulator.Build.0 = Release|Any CPU
		{A2138FD9-8D1E-436B-9FDC-66541DEA90A7}.Ad-Hoc|x64.ActiveCfg = Release|Any CPU
		{A2138FD9-8D1E-436B-9FDC-66541DEA90A7}.Ad-Hoc|x64.Build.0 = Release|Any CPU
		{A2138FD9-8D1E-436B-9FDC-66541DEA90A7}.Ad-Hoc|x86.ActiveCfg = Release|Any CPU
		{A2138FD9-8D1E-436B-9FDC-66541DEA90A7}.Ad-Hoc|x86.Build.0 = Release|Any CPU
		{A2138FD9-8D1E-436B-9FDC-66541DEA90A7}.AppStore|Any CPU.ActiveCfg = Release|Any CPU
		{A2138FD9-8D1E-436B-9FDC-66541DEA90A7}.AppStore|Any CPU.Build.0 = Release|Any CPU
		{A2138FD9-8D1E-436B-9FDC-66541DEA90A7}.AppStore|ARM.ActiveCfg = Release|Any CPU
		{A2138FD9-8D1E-436B-9FDC-66541DEA90A7}.AppStore|ARM.Build.0 = Release|Any CPU
		{A2138FD9-8D1E-436B-9FDC-66541DEA90A7}.AppStore|iPhone.ActiveCfg = Release|Any CPU
		{A2138FD9-8D1E-436B-9FDC-66541DEA90A7}.AppStore|iPhone.Build.0 = Release|Any CPU
		{A2138FD9-8D1E-436B-9FDC-66541DEA90A7}.AppStore|iPhoneSimulator.ActiveCfg = Release|Any CPU
		{A2138FD9-8D1E-436B-9FDC-66541DEA90A7}.AppStore|iPhoneSimulator.Build.0 = Release|Any CPU
		{A2138FD9-8D1E-436B-9FDC-66541DEA90A7}.AppStore|x64.ActiveCfg = Release|Any CPU
		{A2138FD9-8D1E-436B-9FDC-66541DEA90A7}.AppStore|x64.Build.0 = Release|Any CPU
		{A2138FD9-8D1E-436B-9FDC-66541DEA90A7}.AppStore|x86.ActiveCfg = Release|Any CPU
		{A2138FD9-8D1E-436B-9FDC-66541DEA90A7}.AppStore|x86.Build.0 = Release|Any CPU
		{A2138FD9-8D1E-436B-9FDC-66541DEA90A7}.Debug|Any CPU.ActiveCfg = Debug|Any CPU
		{A2138FD9-8D1E-436B-9FDC-66541DEA90A7}.Debug|Any CPU.Build.0 = Debug|Any CPU
		{A2138FD9-8D1E-436B-9FDC-66541DEA90A7}.Debug|ARM.ActiveCfg = Debug|Any CPU
		{A2138FD9-8D1E-436B-9FDC-66541DEA90A7}.Debug|ARM.Build.0 = Debug|Any CPU
		{A2138FD9-8D1E-436B-9FDC-66541DEA90A7}.Debug|iPhone.ActiveCfg = Debug|Any CPU
		{A2138FD9-8D1E-436B-9FDC-66541DEA90A7}.Debug|iPhone.Build.0 = Debug|Any CPU
		{A2138FD9-8D1E-436B-9FDC-66541DEA90A7}.Debug|iPhoneSimulator.ActiveCfg = Debug|Any CPU
		{A2138FD9-8D1E-436B-9FDC-66541DEA90A7}.Debug|iPhoneSimulator.Build.0 = Debug|Any CPU
		{A2138FD9-8D1E-436B-9FDC-66541DEA90A7}.Debug|x64.ActiveCfg = Debug|Any CPU
		{A2138FD9-8D1E-436B-9FDC-66541DEA90A7}.Debug|x64.Build.0 = Debug|Any CPU
		{A2138FD9-8D1E-436B-9FDC-66541DEA90A7}.Debug|x86.ActiveCfg = Debug|Any CPU
		{A2138FD9-8D1E-436B-9FDC-66541DEA90A7}.Debug|x86.Build.0 = Debug|Any CPU
		{A2138FD9-8D1E-436B-9FDC-66541DEA90A7}.Release|Any CPU.ActiveCfg = Release|Any CPU
		{A2138FD9-8D1E-436B-9FDC-66541DEA90A7}.Release|Any CPU.Build.0 = Release|Any CPU
		{A2138FD9-8D1E-436B-9FDC-66541DEA90A7}.Release|ARM.ActiveCfg = Release|Any CPU
		{A2138FD9-8D1E-436B-9FDC-66541DEA90A7}.Release|ARM.Build.0 = Release|Any CPU
		{A2138FD9-8D1E-436B-9FDC-66541DEA90A7}.Release|iPhone.ActiveCfg = Release|Any CPU
		{A2138FD9-8D1E-436B-9FDC-66541DEA90A7}.Release|iPhone.Build.0 = Release|Any CPU
		{A2138FD9-8D1E-436B-9FDC-66541DEA90A7}.Release|iPhoneSimulator.ActiveCfg = Release|Any CPU
		{A2138FD9-8D1E-436B-9FDC-66541DEA90A7}.Release|iPhoneSimulator.Build.0 = Release|Any CPU
		{A2138FD9-8D1E-436B-9FDC-66541DEA90A7}.Release|x64.ActiveCfg = Release|Any CPU
		{A2138FD9-8D1E-436B-9FDC-66541DEA90A7}.Release|x64.Build.0 = Release|Any CPU
		{A2138FD9-8D1E-436B-9FDC-66541DEA90A7}.Release|x86.ActiveCfg = Release|Any CPU
		{A2138FD9-8D1E-436B-9FDC-66541DEA90A7}.Release|x86.Build.0 = Release|Any CPU
		{4BEF77D4-7B0D-4F57-80E6-08DBC59A0582}.Ad-Hoc|Any CPU.ActiveCfg = Release|Any CPU
		{4BEF77D4-7B0D-4F57-80E6-08DBC59A0582}.Ad-Hoc|Any CPU.Build.0 = Release|Any CPU
		{4BEF77D4-7B0D-4F57-80E6-08DBC59A0582}.Ad-Hoc|Any CPU.Deploy.0 = Release|Any CPU
		{4BEF77D4-7B0D-4F57-80E6-08DBC59A0582}.Ad-Hoc|ARM.ActiveCfg = Release|Any CPU
		{4BEF77D4-7B0D-4F57-80E6-08DBC59A0582}.Ad-Hoc|ARM.Build.0 = Release|Any CPU
		{4BEF77D4-7B0D-4F57-80E6-08DBC59A0582}.Ad-Hoc|ARM.Deploy.0 = Release|Any CPU
		{4BEF77D4-7B0D-4F57-80E6-08DBC59A0582}.Ad-Hoc|iPhone.ActiveCfg = Release|Any CPU
		{4BEF77D4-7B0D-4F57-80E6-08DBC59A0582}.Ad-Hoc|iPhone.Build.0 = Release|Any CPU
		{4BEF77D4-7B0D-4F57-80E6-08DBC59A0582}.Ad-Hoc|iPhone.Deploy.0 = Release|Any CPU
		{4BEF77D4-7B0D-4F57-80E6-08DBC59A0582}.Ad-Hoc|iPhoneSimulator.ActiveCfg = Release|Any CPU
		{4BEF77D4-7B0D-4F57-80E6-08DBC59A0582}.Ad-Hoc|iPhoneSimulator.Build.0 = Release|Any CPU
		{4BEF77D4-7B0D-4F57-80E6-08DBC59A0582}.Ad-Hoc|iPhoneSimulator.Deploy.0 = Release|Any CPU
		{4BEF77D4-7B0D-4F57-80E6-08DBC59A0582}.Ad-Hoc|x64.ActiveCfg = Release|Any CPU
		{4BEF77D4-7B0D-4F57-80E6-08DBC59A0582}.Ad-Hoc|x64.Build.0 = Release|Any CPU
		{4BEF77D4-7B0D-4F57-80E6-08DBC59A0582}.Ad-Hoc|x64.Deploy.0 = Release|Any CPU
		{4BEF77D4-7B0D-4F57-80E6-08DBC59A0582}.Ad-Hoc|x86.ActiveCfg = Release|Any CPU
		{4BEF77D4-7B0D-4F57-80E6-08DBC59A0582}.Ad-Hoc|x86.Build.0 = Release|Any CPU
		{4BEF77D4-7B0D-4F57-80E6-08DBC59A0582}.Ad-Hoc|x86.Deploy.0 = Release|Any CPU
		{4BEF77D4-7B0D-4F57-80E6-08DBC59A0582}.AppStore|Any CPU.ActiveCfg = Release|Any CPU
		{4BEF77D4-7B0D-4F57-80E6-08DBC59A0582}.AppStore|Any CPU.Build.0 = Release|Any CPU
		{4BEF77D4-7B0D-4F57-80E6-08DBC59A0582}.AppStore|Any CPU.Deploy.0 = Release|Any CPU
		{4BEF77D4-7B0D-4F57-80E6-08DBC59A0582}.AppStore|ARM.ActiveCfg = Release|Any CPU
		{4BEF77D4-7B0D-4F57-80E6-08DBC59A0582}.AppStore|ARM.Build.0 = Release|Any CPU
		{4BEF77D4-7B0D-4F57-80E6-08DBC59A0582}.AppStore|ARM.Deploy.0 = Release|Any CPU
		{4BEF77D4-7B0D-4F57-80E6-08DBC59A0582}.AppStore|iPhone.ActiveCfg = Release|Any CPU
		{4BEF77D4-7B0D-4F57-80E6-08DBC59A0582}.AppStore|iPhone.Build.0 = Release|Any CPU
		{4BEF77D4-7B0D-4F57-80E6-08DBC59A0582}.AppStore|iPhone.Deploy.0 = Release|Any CPU
		{4BEF77D4-7B0D-4F57-80E6-08DBC59A0582}.AppStore|iPhoneSimulator.ActiveCfg = Release|Any CPU
		{4BEF77D4-7B0D-4F57-80E6-08DBC59A0582}.AppStore|iPhoneSimulator.Build.0 = Release|Any CPU
		{4BEF77D4-7B0D-4F57-80E6-08DBC59A0582}.AppStore|iPhoneSimulator.Deploy.0 = Release|Any CPU
		{4BEF77D4-7B0D-4F57-80E6-08DBC59A0582}.AppStore|x64.ActiveCfg = Release|Any CPU
		{4BEF77D4-7B0D-4F57-80E6-08DBC59A0582}.AppStore|x64.Build.0 = Release|Any CPU
		{4BEF77D4-7B0D-4F57-80E6-08DBC59A0582}.AppStore|x64.Deploy.0 = Release|Any CPU
		{4BEF77D4-7B0D-4F57-80E6-08DBC59A0582}.AppStore|x86.ActiveCfg = Release|Any CPU
		{4BEF77D4-7B0D-4F57-80E6-08DBC59A0582}.AppStore|x86.Build.0 = Release|Any CPU
		{4BEF77D4-7B0D-4F57-80E6-08DBC59A0582}.AppStore|x86.Deploy.0 = Release|Any CPU
		{4BEF77D4-7B0D-4F57-80E6-08DBC59A0582}.Debug|Any CPU.ActiveCfg = Debug|Any CPU
		{4BEF77D4-7B0D-4F57-80E6-08DBC59A0582}.Debug|Any CPU.Build.0 = Debug|Any CPU
		{4BEF77D4-7B0D-4F57-80E6-08DBC59A0582}.Debug|Any CPU.Deploy.0 = Debug|Any CPU
		{4BEF77D4-7B0D-4F57-80E6-08DBC59A0582}.Debug|ARM.ActiveCfg = Debug|Any CPU
		{4BEF77D4-7B0D-4F57-80E6-08DBC59A0582}.Debug|ARM.Build.0 = Debug|Any CPU
		{4BEF77D4-7B0D-4F57-80E6-08DBC59A0582}.Debug|ARM.Deploy.0 = Debug|Any CPU
		{4BEF77D4-7B0D-4F57-80E6-08DBC59A0582}.Debug|iPhone.ActiveCfg = Debug|Any CPU
		{4BEF77D4-7B0D-4F57-80E6-08DBC59A0582}.Debug|iPhone.Build.0 = Debug|Any CPU
		{4BEF77D4-7B0D-4F57-80E6-08DBC59A0582}.Debug|iPhone.Deploy.0 = Debug|Any CPU
		{4BEF77D4-7B0D-4F57-80E6-08DBC59A0582}.Debug|iPhoneSimulator.ActiveCfg = Debug|Any CPU
		{4BEF77D4-7B0D-4F57-80E6-08DBC59A0582}.Debug|iPhoneSimulator.Build.0 = Debug|Any CPU
		{4BEF77D4-7B0D-4F57-80E6-08DBC59A0582}.Debug|iPhoneSimulator.Deploy.0 = Debug|Any CPU
		{4BEF77D4-7B0D-4F57-80E6-08DBC59A0582}.Debug|x64.ActiveCfg = Debug|Any CPU
		{4BEF77D4-7B0D-4F57-80E6-08DBC59A0582}.Debug|x64.Build.0 = Debug|Any CPU
		{4BEF77D4-7B0D-4F57-80E6-08DBC59A0582}.Debug|x64.Deploy.0 = Debug|Any CPU
		{4BEF77D4-7B0D-4F57-80E6-08DBC59A0582}.Debug|x86.ActiveCfg = Debug|Any CPU
		{4BEF77D4-7B0D-4F57-80E6-08DBC59A0582}.Debug|x86.Build.0 = Debug|Any CPU
		{4BEF77D4-7B0D-4F57-80E6-08DBC59A0582}.Debug|x86.Deploy.0 = Debug|Any CPU
		{4BEF77D4-7B0D-4F57-80E6-08DBC59A0582}.Release|Any CPU.ActiveCfg = Release|Any CPU
		{4BEF77D4-7B0D-4F57-80E6-08DBC59A0582}.Release|Any CPU.Build.0 = Release|Any CPU
		{4BEF77D4-7B0D-4F57-80E6-08DBC59A0582}.Release|Any CPU.Deploy.0 = Release|Any CPU
		{4BEF77D4-7B0D-4F57-80E6-08DBC59A0582}.Release|ARM.ActiveCfg = Release|Any CPU
		{4BEF77D4-7B0D-4F57-80E6-08DBC59A0582}.Release|ARM.Build.0 = Release|Any CPU
		{4BEF77D4-7B0D-4F57-80E6-08DBC59A0582}.Release|ARM.Deploy.0 = Release|Any CPU
		{4BEF77D4-7B0D-4F57-80E6-08DBC59A0582}.Release|iPhone.ActiveCfg = Release|Any CPU
		{4BEF77D4-7B0D-4F57-80E6-08DBC59A0582}.Release|iPhone.Build.0 = Release|Any CPU
		{4BEF77D4-7B0D-4F57-80E6-08DBC59A0582}.Release|iPhone.Deploy.0 = Release|Any CPU
		{4BEF77D4-7B0D-4F57-80E6-08DBC59A0582}.Release|iPhoneSimulator.ActiveCfg = Release|Any CPU
		{4BEF77D4-7B0D-4F57-80E6-08DBC59A0582}.Release|iPhoneSimulator.Build.0 = Release|Any CPU
		{4BEF77D4-7B0D-4F57-80E6-08DBC59A0582}.Release|iPhoneSimulator.Deploy.0 = Release|Any CPU
		{4BEF77D4-7B0D-4F57-80E6-08DBC59A0582}.Release|x64.ActiveCfg = Release|Any CPU
		{4BEF77D4-7B0D-4F57-80E6-08DBC59A0582}.Release|x64.Build.0 = Release|Any CPU
		{4BEF77D4-7B0D-4F57-80E6-08DBC59A0582}.Release|x64.Deploy.0 = Release|Any CPU
		{4BEF77D4-7B0D-4F57-80E6-08DBC59A0582}.Release|x86.ActiveCfg = Release|Any CPU
		{4BEF77D4-7B0D-4F57-80E6-08DBC59A0582}.Release|x86.Build.0 = Release|Any CPU
		{4BEF77D4-7B0D-4F57-80E6-08DBC59A0582}.Release|x86.Deploy.0 = Release|Any CPU
		{89D26364-9697-473C-98AD-619C2EC49D44}.Ad-Hoc|Any CPU.ActiveCfg = Ad-Hoc|iPhone
		{89D26364-9697-473C-98AD-619C2EC49D44}.Ad-Hoc|ARM.ActiveCfg = Ad-Hoc|iPhone
		{89D26364-9697-473C-98AD-619C2EC49D44}.Ad-Hoc|iPhone.ActiveCfg = Ad-Hoc|iPhone
		{89D26364-9697-473C-98AD-619C2EC49D44}.Ad-Hoc|iPhone.Build.0 = Ad-Hoc|iPhone
		{89D26364-9697-473C-98AD-619C2EC49D44}.Ad-Hoc|iPhoneSimulator.ActiveCfg = Ad-Hoc|iPhoneSimulator
		{89D26364-9697-473C-98AD-619C2EC49D44}.Ad-Hoc|iPhoneSimulator.Build.0 = Ad-Hoc|iPhoneSimulator
		{89D26364-9697-473C-98AD-619C2EC49D44}.Ad-Hoc|x64.ActiveCfg = Ad-Hoc|iPhone
		{89D26364-9697-473C-98AD-619C2EC49D44}.Ad-Hoc|x86.ActiveCfg = Ad-Hoc|iPhone
		{89D26364-9697-473C-98AD-619C2EC49D44}.AppStore|Any CPU.ActiveCfg = AppStore|iPhone
		{89D26364-9697-473C-98AD-619C2EC49D44}.AppStore|ARM.ActiveCfg = AppStore|iPhone
		{89D26364-9697-473C-98AD-619C2EC49D44}.AppStore|iPhone.ActiveCfg = AppStore|iPhone
		{89D26364-9697-473C-98AD-619C2EC49D44}.AppStore|iPhone.Build.0 = AppStore|iPhone
		{89D26364-9697-473C-98AD-619C2EC49D44}.AppStore|iPhoneSimulator.ActiveCfg = AppStore|iPhoneSimulator
		{89D26364-9697-473C-98AD-619C2EC49D44}.AppStore|iPhoneSimulator.Build.0 = AppStore|iPhoneSimulator
		{89D26364-9697-473C-98AD-619C2EC49D44}.AppStore|x64.ActiveCfg = AppStore|iPhone
		{89D26364-9697-473C-98AD-619C2EC49D44}.AppStore|x86.ActiveCfg = AppStore|iPhone
		{89D26364-9697-473C-98AD-619C2EC49D44}.Debug|Any CPU.ActiveCfg = Debug|iPhone
		{89D26364-9697-473C-98AD-619C2EC49D44}.Debug|ARM.ActiveCfg = Debug|iPhone
		{89D26364-9697-473C-98AD-619C2EC49D44}.Debug|iPhone.ActiveCfg = Debug|iPhone
		{89D26364-9697-473C-98AD-619C2EC49D44}.Debug|iPhone.Build.0 = Debug|iPhone
		{89D26364-9697-473C-98AD-619C2EC49D44}.Debug|iPhoneSimulator.ActiveCfg = Debug|iPhoneSimulator
		{89D26364-9697-473C-98AD-619C2EC49D44}.Debug|iPhoneSimulator.Build.0 = Debug|iPhoneSimulator
		{89D26364-9697-473C-98AD-619C2EC49D44}.Debug|x64.ActiveCfg = Debug|iPhone
		{89D26364-9697-473C-98AD-619C2EC49D44}.Debug|x86.ActiveCfg = Debug|iPhone
		{89D26364-9697-473C-98AD-619C2EC49D44}.Release|Any CPU.ActiveCfg = Release|iPhone
		{89D26364-9697-473C-98AD-619C2EC49D44}.Release|ARM.ActiveCfg = Release|iPhone
		{89D26364-9697-473C-98AD-619C2EC49D44}.Release|iPhone.ActiveCfg = Release|iPhone
		{89D26364-9697-473C-98AD-619C2EC49D44}.Release|iPhone.Build.0 = Release|iPhone
		{89D26364-9697-473C-98AD-619C2EC49D44}.Release|iPhoneSimulator.ActiveCfg = Release|iPhoneSimulator
		{89D26364-9697-473C-98AD-619C2EC49D44}.Release|iPhoneSimulator.Build.0 = Release|iPhoneSimulator
		{89D26364-9697-473C-98AD-619C2EC49D44}.Release|x64.ActiveCfg = Release|iPhone
		{89D26364-9697-473C-98AD-619C2EC49D44}.Release|x86.ActiveCfg = Release|iPhone
		{3458AD02-4832-47ED-8E32-E010A5517247}.Ad-Hoc|Any CPU.ActiveCfg = Release|x86
		{3458AD02-4832-47ED-8E32-E010A5517247}.Ad-Hoc|Any CPU.Build.0 = Release|x86
		{3458AD02-4832-47ED-8E32-E010A5517247}.Ad-Hoc|Any CPU.Deploy.0 = Release|x86
		{3458AD02-4832-47ED-8E32-E010A5517247}.Ad-Hoc|ARM.ActiveCfg = Release|ARM
		{3458AD02-4832-47ED-8E32-E010A5517247}.Ad-Hoc|ARM.Build.0 = Release|ARM
		{3458AD02-4832-47ED-8E32-E010A5517247}.Ad-Hoc|ARM.Deploy.0 = Release|ARM
		{3458AD02-4832-47ED-8E32-E010A5517247}.Ad-Hoc|iPhone.ActiveCfg = Release|x86
		{3458AD02-4832-47ED-8E32-E010A5517247}.Ad-Hoc|iPhone.Build.0 = Release|x86
		{3458AD02-4832-47ED-8E32-E010A5517247}.Ad-Hoc|iPhone.Deploy.0 = Release|x86
		{3458AD02-4832-47ED-8E32-E010A5517247}.Ad-Hoc|iPhoneSimulator.ActiveCfg = Release|x86
		{3458AD02-4832-47ED-8E32-E010A5517247}.Ad-Hoc|iPhoneSimulator.Build.0 = Release|x86
		{3458AD02-4832-47ED-8E32-E010A5517247}.Ad-Hoc|iPhoneSimulator.Deploy.0 = Release|x86
		{3458AD02-4832-47ED-8E32-E010A5517247}.Ad-Hoc|x64.ActiveCfg = Release|x64
		{3458AD02-4832-47ED-8E32-E010A5517247}.Ad-Hoc|x64.Build.0 = Release|x64
		{3458AD02-4832-47ED-8E32-E010A5517247}.Ad-Hoc|x64.Deploy.0 = Release|x64
		{3458AD02-4832-47ED-8E32-E010A5517247}.Ad-Hoc|x86.ActiveCfg = Release|x86
		{3458AD02-4832-47ED-8E32-E010A5517247}.Ad-Hoc|x86.Build.0 = Release|x86
		{3458AD02-4832-47ED-8E32-E010A5517247}.Ad-Hoc|x86.Deploy.0 = Release|x86
		{3458AD02-4832-47ED-8E32-E010A5517247}.AppStore|Any CPU.ActiveCfg = Release|x86
		{3458AD02-4832-47ED-8E32-E010A5517247}.AppStore|Any CPU.Build.0 = Release|x86
		{3458AD02-4832-47ED-8E32-E010A5517247}.AppStore|Any CPU.Deploy.0 = Release|x86
		{3458AD02-4832-47ED-8E32-E010A5517247}.AppStore|ARM.ActiveCfg = Release|ARM
		{3458AD02-4832-47ED-8E32-E010A5517247}.AppStore|ARM.Build.0 = Release|ARM
		{3458AD02-4832-47ED-8E32-E010A5517247}.AppStore|ARM.Deploy.0 = Release|ARM
		{3458AD02-4832-47ED-8E32-E010A5517247}.AppStore|iPhone.ActiveCfg = Release|x86
		{3458AD02-4832-47ED-8E32-E010A5517247}.AppStore|iPhone.Build.0 = Release|x86
		{3458AD02-4832-47ED-8E32-E010A5517247}.AppStore|iPhone.Deploy.0 = Release|x86
		{3458AD02-4832-47ED-8E32-E010A5517247}.AppStore|iPhoneSimulator.ActiveCfg = Release|x86
		{3458AD02-4832-47ED-8E32-E010A5517247}.AppStore|iPhoneSimulator.Build.0 = Release|x86
		{3458AD02-4832-47ED-8E32-E010A5517247}.AppStore|iPhoneSimulator.Deploy.0 = Release|x86
		{3458AD02-4832-47ED-8E32-E010A5517247}.AppStore|x64.ActiveCfg = Release|x64
		{3458AD02-4832-47ED-8E32-E010A5517247}.AppStore|x64.Build.0 = Release|x64
		{3458AD02-4832-47ED-8E32-E010A5517247}.AppStore|x64.Deploy.0 = Release|x64
		{3458AD02-4832-47ED-8E32-E010A5517247}.AppStore|x86.ActiveCfg = Release|x86
		{3458AD02-4832-47ED-8E32-E010A5517247}.AppStore|x86.Build.0 = Release|x86
		{3458AD02-4832-47ED-8E32-E010A5517247}.AppStore|x86.Deploy.0 = Release|x86
		{3458AD02-4832-47ED-8E32-E010A5517247}.Debug|Any CPU.ActiveCfg = Debug|x86
		{3458AD02-4832-47ED-8E32-E010A5517247}.Debug|ARM.ActiveCfg = Debug|ARM
		{3458AD02-4832-47ED-8E32-E010A5517247}.Debug|ARM.Build.0 = Debug|ARM
		{3458AD02-4832-47ED-8E32-E010A5517247}.Debug|ARM.Deploy.0 = Debug|ARM
		{3458AD02-4832-47ED-8E32-E010A5517247}.Debug|iPhone.ActiveCfg = Debug|x86
		{3458AD02-4832-47ED-8E32-E010A5517247}.Debug|iPhoneSimulator.ActiveCfg = Debug|x86
		{3458AD02-4832-47ED-8E32-E010A5517247}.Debug|x64.ActiveCfg = Debug|x64
		{3458AD02-4832-47ED-8E32-E010A5517247}.Debug|x64.Build.0 = Debug|x64
		{3458AD02-4832-47ED-8E32-E010A5517247}.Debug|x64.Deploy.0 = Debug|x64
		{3458AD02-4832-47ED-8E32-E010A5517247}.Debug|x86.ActiveCfg = Debug|x86
		{3458AD02-4832-47ED-8E32-E010A5517247}.Debug|x86.Build.0 = Debug|x86
		{3458AD02-4832-47ED-8E32-E010A5517247}.Debug|x86.Deploy.0 = Debug|x86
		{3458AD02-4832-47ED-8E32-E010A5517247}.Release|Any CPU.ActiveCfg = Release|x86
		{3458AD02-4832-47ED-8E32-E010A5517247}.Release|ARM.ActiveCfg = Release|ARM
		{3458AD02-4832-47ED-8E32-E010A5517247}.Release|ARM.Build.0 = Release|ARM
		{3458AD02-4832-47ED-8E32-E010A5517247}.Release|ARM.Deploy.0 = Release|ARM
		{3458AD02-4832-47ED-8E32-E010A5517247}.Release|iPhone.ActiveCfg = Release|x86
		{3458AD02-4832-47ED-8E32-E010A5517247}.Release|iPhoneSimulator.ActiveCfg = Release|x86
		{3458AD02-4832-47ED-8E32-E010A5517247}.Release|x64.ActiveCfg = Release|x64
		{3458AD02-4832-47ED-8E32-E010A5517247}.Release|x64.Build.0 = Release|x64
		{3458AD02-4832-47ED-8E32-E010A5517247}.Release|x64.Deploy.0 = Release|x64
		{3458AD02-4832-47ED-8E32-E010A5517247}.Release|x86.ActiveCfg = Release|x86
		{3458AD02-4832-47ED-8E32-E010A5517247}.Release|x86.Build.0 = Release|x86
		{3458AD02-4832-47ED-8E32-E010A5517247}.Release|x86.Deploy.0 = Release|x86
		{C7CE5B8E-0F1A-414A-A000-62AD60E93FB4}.Ad-Hoc|Any CPU.ActiveCfg = Debug|Any CPU
		{C7CE5B8E-0F1A-414A-A000-62AD60E93FB4}.Ad-Hoc|Any CPU.Build.0 = Debug|Any CPU
		{C7CE5B8E-0F1A-414A-A000-62AD60E93FB4}.Ad-Hoc|ARM.ActiveCfg = Debug|Any CPU
		{C7CE5B8E-0F1A-414A-A000-62AD60E93FB4}.Ad-Hoc|ARM.Build.0 = Debug|Any CPU
		{C7CE5B8E-0F1A-414A-A000-62AD60E93FB4}.Ad-Hoc|iPhone.ActiveCfg = Debug|Any CPU
		{C7CE5B8E-0F1A-414A-A000-62AD60E93FB4}.Ad-Hoc|iPhone.Build.0 = Debug|Any CPU
		{C7CE5B8E-0F1A-414A-A000-62AD60E93FB4}.Ad-Hoc|iPhoneSimulator.ActiveCfg = Debug|Any CPU
		{C7CE5B8E-0F1A-414A-A000-62AD60E93FB4}.Ad-Hoc|iPhoneSimulator.Build.0 = Debug|Any CPU
		{C7CE5B8E-0F1A-414A-A000-62AD60E93FB4}.Ad-Hoc|x64.ActiveCfg = Debug|Any CPU
		{C7CE5B8E-0F1A-414A-A000-62AD60E93FB4}.Ad-Hoc|x64.Build.0 = Debug|Any CPU
		{C7CE5B8E-0F1A-414A-A000-62AD60E93FB4}.Ad-Hoc|x86.ActiveCfg = Debug|Any CPU
		{C7CE5B8E-0F1A-414A-A000-62AD60E93FB4}.Ad-Hoc|x86.Build.0 = Debug|Any CPU
		{C7CE5B8E-0F1A-414A-A000-62AD60E93FB4}.AppStore|Any CPU.ActiveCfg = Debug|Any CPU
		{C7CE5B8E-0F1A-414A-A000-62AD60E93FB4}.AppStore|Any CPU.Build.0 = Debug|Any CPU
		{C7CE5B8E-0F1A-414A-A000-62AD60E93FB4}.AppStore|ARM.ActiveCfg = Debug|Any CPU
		{C7CE5B8E-0F1A-414A-A000-62AD60E93FB4}.AppStore|ARM.Build.0 = Debug|Any CPU
		{C7CE5B8E-0F1A-414A-A000-62AD60E93FB4}.AppStore|iPhone.ActiveCfg = Debug|Any CPU
		{C7CE5B8E-0F1A-414A-A000-62AD60E93FB4}.AppStore|iPhone.Build.0 = Debug|Any CPU
		{C7CE5B8E-0F1A-414A-A000-62AD60E93FB4}.AppStore|iPhoneSimulator.ActiveCfg = Debug|Any CPU
		{C7CE5B8E-0F1A-414A-A000-62AD60E93FB4}.AppStore|iPhoneSimulator.Build.0 = Debug|Any CPU
		{C7CE5B8E-0F1A-414A-A000-62AD60E93FB4}.AppStore|x64.ActiveCfg = Debug|Any CPU
		{C7CE5B8E-0F1A-414A-A000-62AD60E93FB4}.AppStore|x64.Build.0 = Debug|Any CPU
		{C7CE5B8E-0F1A-414A-A000-62AD60E93FB4}.AppStore|x86.ActiveCfg = Debug|Any CPU
		{C7CE5B8E-0F1A-414A-A000-62AD60E93FB4}.AppStore|x86.Build.0 = Debug|Any CPU
		{C7CE5B8E-0F1A-414A-A000-62AD60E93FB4}.Debug|Any CPU.ActiveCfg = Debug|Any CPU
		{C7CE5B8E-0F1A-414A-A000-62AD60E93FB4}.Debug|Any CPU.Build.0 = Debug|Any CPU
		{C7CE5B8E-0F1A-414A-A000-62AD60E93FB4}.Debug|ARM.ActiveCfg = Debug|Any CPU
		{C7CE5B8E-0F1A-414A-A000-62AD60E93FB4}.Debug|ARM.Build.0 = Debug|Any CPU
		{C7CE5B8E-0F1A-414A-A000-62AD60E93FB4}.Debug|iPhone.ActiveCfg = Debug|Any CPU
		{C7CE5B8E-0F1A-414A-A000-62AD60E93FB4}.Debug|iPhone.Build.0 = Debug|Any CPU
		{C7CE5B8E-0F1A-414A-A000-62AD60E93FB4}.Debug|iPhoneSimulator.ActiveCfg = Debug|Any CPU
		{C7CE5B8E-0F1A-414A-A000-62AD60E93FB4}.Debug|iPhoneSimulator.Build.0 = Debug|Any CPU
		{C7CE5B8E-0F1A-414A-A000-62AD60E93FB4}.Debug|x64.ActiveCfg = Debug|Any CPU
		{C7CE5B8E-0F1A-414A-A000-62AD60E93FB4}.Debug|x64.Build.0 = Debug|Any CPU
		{C7CE5B8E-0F1A-414A-A000-62AD60E93FB4}.Debug|x86.ActiveCfg = Debug|Any CPU
		{C7CE5B8E-0F1A-414A-A000-62AD60E93FB4}.Debug|x86.Build.0 = Debug|Any CPU
		{C7CE5B8E-0F1A-414A-A000-62AD60E93FB4}.Release|Any CPU.ActiveCfg = Release|Any CPU
		{C7CE5B8E-0F1A-414A-A000-62AD60E93FB4}.Release|Any CPU.Build.0 = Release|Any CPU
		{C7CE5B8E-0F1A-414A-A000-62AD60E93FB4}.Release|ARM.ActiveCfg = Release|Any CPU
		{C7CE5B8E-0F1A-414A-A000-62AD60E93FB4}.Release|ARM.Build.0 = Release|Any CPU
		{C7CE5B8E-0F1A-414A-A000-62AD60E93FB4}.Release|iPhone.ActiveCfg = Release|Any CPU
		{C7CE5B8E-0F1A-414A-A000-62AD60E93FB4}.Release|iPhone.Build.0 = Release|Any CPU
		{C7CE5B8E-0F1A-414A-A000-62AD60E93FB4}.Release|iPhoneSimulator.ActiveCfg = Release|Any CPU
		{C7CE5B8E-0F1A-414A-A000-62AD60E93FB4}.Release|iPhoneSimulator.Build.0 = Release|Any CPU
		{C7CE5B8E-0F1A-414A-A000-62AD60E93FB4}.Release|x64.ActiveCfg = Release|Any CPU
		{C7CE5B8E-0F1A-414A-A000-62AD60E93FB4}.Release|x64.Build.0 = Release|Any CPU
		{C7CE5B8E-0F1A-414A-A000-62AD60E93FB4}.Release|x86.ActiveCfg = Release|Any CPU
		{C7CE5B8E-0F1A-414A-A000-62AD60E93FB4}.Release|x86.Build.0 = Release|Any CPU
	EndGlobalSection
	GlobalSection(SolutionProperties) = preSolution
		HideSolutionNode = FALSE
	EndGlobalSection
	GlobalSection(ExtensibilityGlobals) = postSolution
		SolutionGuid = {F65D93C3-E73A-4C04-ABFD-E7A2BAF7D047}
	EndGlobalSection
EndGlobal
